
Microsoft Visual Studio Solution File, Format Version 12.00
Project("{FAE04EC0-301F-11D3-BF4B-00C04F79EFBC}") = "upwork-scraper-server", "upwork-scraper-server\upwork-scraper-server.csproj", "{A0800D32-7B00-4F92-A2E8-A7FAD74A49CF}"
EndProject
Global
	GlobalSection(SolutionConfigurationPlatforms) = preSolution
		Debug|Any CPU = Debug|Any CPU
		Release|Any CPU = Release|Any CPU
	EndGlobalSection
	GlobalSection(ProjectConfigurationPlatforms) = postSolution
		{A0800D32-7B00-4F92-A2E8-A7FAD74A49CF}.Debug|Any CPU.ActiveCfg = Debug|Any CPU
		{A0800D32-7B00-4F92-A2E8-A7FAD74A49CF}.Debug|Any CPU.Build.0 = Debug|Any CPU
		{A0800D32-7B00-4F92-A2E8-A7FAD74A49CF}.Release|Any CPU.ActiveCfg = Release|Any CPU
		{A0800D32-7B00-4F92-A2E8-A7FAD74A49CF}.Release|Any CPU.Build.0 = Release|Any CPU
	EndGlobalSection
EndGlobal
